{
    "_meta": {
        "hash": {
            "sha256": "9da89671a573f4c487d072f9bb97ad2af2ab61bfe8113a092c6d0a7f304ce7b5"
        },
        "pipfile-spec": 6,
        "requires": {
            "python_version": "3.8"
        },
        "sources": [
            {
                "name": "pypi",
                "url": "https://pypi.org/simple",
                "verify_ssl": true
            }
        ]
    },
    "default": {
        "aiocontextvars": {
            "hashes": [
                "sha256:885daf8261818767d8f7cbd79f9d4482d118f024b6586ef6e67980236a27bfa3",
                "sha256:f027372dc48641f683c559f247bd84962becaacdc9ba711d583c3871fb5652aa"
            ],
            "markers": "python_version < '3.7'",
            "version": "==0.2.2"
        },
        "contextvars": {
            "hashes": [
                "sha256:f38c908aaa59c14335eeea12abea5f443646216c4e29380d7bf34d2018e2c39e"
            ],
            "markers": "python_version < '3.7'",
            "version": "==2.4"
        },
        "immutables": {
            "hashes": [
                "sha256:1c11050c49e193a1ec9dda1747285333f6ba6a30bbeb2929000b9b1192097ec0",
                "sha256:33ce2f977da7b5e0dddd93744862404bdb316ffe5853ec853e53141508fa2e6a",
                "sha256:6c8eace4d98988c72bcb37c05e79aae756832738305ae9497670482a82db08bc",
                "sha256:714aedbdeba4439d91cb5e5735cb10631fc47a7a69ea9cc8ecbac90322d50a4a",
                "sha256:860666fab142401a5535bf65cbd607b46bc5ed25b9d1eb053ca8ed9a1a1a80d6",
                "sha256:8797eed4042f4626b0bc04d9cf134208918eb0c937a8193a2c66df5041e62d2e",
                "sha256:a0a1cc238b678455145bae291d8426f732f5255537ed6a5b7645949704c70a78",
                "sha256:ab6c18b7b2b2abc83e0edc57b0a38bf0915b271582a1eb8c7bed1c20398f8040",
                "sha256:c099212fd6504513a50e7369fe281007c820cf9d7bb22a336486c63d77d6f0b2",
                "sha256:c453e12b95e1d6bb4909e8743f88b7f5c0c97b86a8bc0d73507091cb644e3c1e",
                "sha256:ce01788878827c3f0331c254a4ad8d9721489a5e65cc43e19c80040b46e0d297",
                "sha256:ef9da20ec0f1c5853b5c8f8e3d9e1e15b8d98c259de4b7515d789a606af8745e"
            ],
            "markers": "python_version >= '3.5'",
            "version": "==0.14"
        },
        "loguru": {
            "hashes": [
                "sha256:b28e72ac7a98be3d28ad28570299a393dfcd32e5e3f6a353dec94675767b6319",
                "sha256:f8087ac396b5ee5f67c963b495d615ebbceac2796379599820e324419d53667c"
            ],
            "index": "pypi",
            "version": "==0.5.3"
        },
        "xlrd": {
            "hashes": [
                "sha256:546eb36cee8db40c3eaa46c351e67ffee6eeb5fa2650b71bc4c758a29a1b29b2",
                "sha256:e551fb498759fa3a5384a94ccd4c3c02eb7c00ea424426e212ac0c57be9dfbde"
            ],
            "index": "pypi",
            "version": "==1.2.0"
        }
    },
    "develop": {}
}
